
Microsoft Visual Studio Solution File, Format Version 12.00
# Visual Studio Version 16
VisualStudioVersion = 16.0.30204.135
MinimumVisualStudioVersion = 10.0.40219.1
Project("{FAE04EC0-301F-11D3-BF4B-00C04F79EFBC}") = "LinkedListLibrary", "LinkedListLibrary\LinkedListLibrary.csproj", "{5DDB56DB-3F56-474E-A870-3DAA371A9AED}"
EndProject
Project("{FAE04EC0-301F-11D3-BF4B-00C04F79EFBC}") = "LinkListTest", "LinkListTest\LinkListTest.csproj", "{97F9A472-FDA0-428E-8B27-6A2AC6C7273A}"
EndProject
Global
	GlobalSection(SolutionConfigurationPlatforms) = preSolution
		Debug|Any CPU = Debug|Any CPU
		Release|Any CPU = Release|Any CPU
	EndGlobalSection
	GlobalSection(ProjectConfigurationPlatforms) = postSolution
		{5DDB56DB-3F56-474E-A870-3DAA371A9AED}.Debug|Any CPU.ActiveCfg = Debug|Any CPU
		{5DDB56DB-3F56-474E-A870-3DAA371A9AED}.Debug|Any CPU.Build.0 = Debug|Any CPU
		{5DDB56DB-3F56-474E-A870-3DAA371A9AED}.Release|Any CPU.ActiveCfg = Release|Any CPU
		{5DDB56DB-3F56-474E-A870-3DAA371A9AED}.Release|Any CPU.Build.0 = Release|Any CPU
		{97F9A472-FDA0-428E-8B27-6A2AC6C7273A}.Debug|Any CPU.ActiveCfg = Debug|Any CPU
		{97F9A472-FDA0-428E-8B27-6A2AC6C7273A}.Debug|Any CPU.Build.0 = Debug|Any CPU
		{97F9A472-FDA0-428E-8B27-6A2AC6C7273A}.Release|Any CPU.ActiveCfg = Release|Any CPU
		{97F9A472-FDA0-428E-8B27-6A2AC6C7273A}.Release|Any CPU.Build.0 = Release|Any CPU
	EndGlobalSection
	GlobalSection(SolutionProperties) = preSolution
		HideSolutionNode = FALSE
	EndGlobalSection
	GlobalSection(ExtensibilityGlobals) = postSolution
		SolutionGuid = {1B2FD617-2E74-44F5-856E-3DD8BB349BCD}
	EndGlobalSection
EndGlobal
