
Microsoft Visual Studio Solution File, Format Version 12.00
# Visual Studio Version 16
VisualStudioVersion = 16.0.30204.135
MinimumVisualStudioVersion = 10.0.40219.1
Project("{FAE04EC0-301F-11D3-BF4B-00C04F79EFBC}") = "MultiBracketValidation", "MultiBracketValidation\MultiBracketValidation.csproj", "{637743D9-53AA-4374-8246-4C4D9979DD38}"
EndProject
Global
	GlobalSection(SolutionConfigurationPlatforms) = preSolution
		Debug|Any CPU = Debug|Any CPU
		Release|Any CPU = Release|Any CPU
	EndGlobalSection
	GlobalSection(ProjectConfigurationPlatforms) = postSolution
		{637743D9-53AA-4374-8246-4C4D9979DD38}.Debug|Any CPU.ActiveCfg = Debug|Any CPU
		{637743D9-53AA-4374-8246-4C4D9979DD38}.Debug|Any CPU.Build.0 = Debug|Any CPU
		{637743D9-53AA-4374-8246-4C4D9979DD38}.Release|Any CPU.ActiveCfg = Release|Any CPU
		{637743D9-53AA-4374-8246-4C4D9979DD38}.Release|Any CPU.Build.0 = Release|Any CPU
	EndGlobalSection
	GlobalSection(SolutionProperties) = preSolution
		HideSolutionNode = FALSE
	EndGlobalSection
	GlobalSection(ExtensibilityGlobals) = postSolution
		SolutionGuid = {F8907ECF-EF4B-47A1-A98B-1F75B7F84303}
	EndGlobalSection
EndGlobal
