
Microsoft Visual Studio Solution File, Format Version 12.00
# Visual Studio Version 16
VisualStudioVersion = 16.0.30204.135
MinimumVisualStudioVersion = 10.0.40219.1
Project("{9A19103F-16F7-4668-BE54-9A1E7A4F7556}") = "RepeatedWord", "RepeatedWord\RepeatedWord.csproj", "{4DAB08A5-5B5B-417A-B38C-7607C6FCAD75}"
EndProject
Project("{FAE04EC0-301F-11D3-BF4B-00C04F79EFBC}") = "XUnitTestProject2", "XUnitTestProject2\XUnitTestProject2.csproj", "{5EA1EBA9-DC60-46C1-BEF8-E943845E50D5}"
EndProject
Global
	GlobalSection(SolutionConfigurationPlatforms) = preSolution
		Debug|Any CPU = Debug|Any CPU
		Release|Any CPU = Release|Any CPU
	EndGlobalSection
	GlobalSection(ProjectConfigurationPlatforms) = postSolution
		{4DAB08A5-5B5B-417A-B38C-7607C6FCAD75}.Debug|Any CPU.ActiveCfg = Debug|Any CPU
		{4DAB08A5-5B5B-417A-B38C-7607C6FCAD75}.Debug|Any CPU.Build.0 = Debug|Any CPU
		{4DAB08A5-5B5B-417A-B38C-7607C6FCAD75}.Release|Any CPU.ActiveCfg = Release|Any CPU
		{4DAB08A5-5B5B-417A-B38C-7607C6FCAD75}.Release|Any CPU.Build.0 = Release|Any CPU
		{5EA1EBA9-DC60-46C1-BEF8-E943845E50D5}.Debug|Any CPU.ActiveCfg = Debug|Any CPU
		{5EA1EBA9-DC60-46C1-BEF8-E943845E50D5}.Debug|Any CPU.Build.0 = Debug|Any CPU
		{5EA1EBA9-DC60-46C1-BEF8-E943845E50D5}.Release|Any CPU.ActiveCfg = Release|Any CPU
		{5EA1EBA9-DC60-46C1-BEF8-E943845E50D5}.Release|Any CPU.Build.0 = Release|Any CPU
	EndGlobalSection
	GlobalSection(SolutionProperties) = preSolution
		HideSolutionNode = FALSE
	EndGlobalSection
	GlobalSection(ExtensibilityGlobals) = postSolution
		SolutionGuid = {2F59CAAA-B5B8-4138-A722-D5FEF411B123}
	EndGlobalSection
EndGlobal
