
Microsoft Visual Studio Solution File, Format Version 12.00
# Visual Studio Version 16
VisualStudioVersion = 16.0.30204.135
MinimumVisualStudioVersion = 10.0.40219.1
Project("{FAE04EC0-301F-11D3-BF4B-00C04F79EFBC}") = "ArrayCodeChallenge", "ArrayCodeChallenge\ArrayCodeChallenge.csproj", "{B205EDCB-DAD6-49B6-A14E-24D7D46BD666}"
EndProject
Project("{FAE04EC0-301F-11D3-BF4B-00C04F79EFBC}") = "UnitTest", "UnitTest\UnitTest.csproj", "{74278910-0597-4357-BBC1-84CDFD1A534A}"
EndProject
Global
	GlobalSection(SolutionConfigurationPlatforms) = preSolution
		Debug|Any CPU = Debug|Any CPU
		Release|Any CPU = Release|Any CPU
	EndGlobalSection
	GlobalSection(ProjectConfigurationPlatforms) = postSolution
		{B205EDCB-DAD6-49B6-A14E-24D7D46BD666}.Debug|Any CPU.ActiveCfg = Debug|Any CPU
		{B205EDCB-DAD6-49B6-A14E-24D7D46BD666}.Debug|Any CPU.Build.0 = Debug|Any CPU
		{B205EDCB-DAD6-49B6-A14E-24D7D46BD666}.Release|Any CPU.ActiveCfg = Release|Any CPU
		{B205EDCB-DAD6-49B6-A14E-24D7D46BD666}.Release|Any CPU.Build.0 = Release|Any CPU
		{74278910-0597-4357-BBC1-84CDFD1A534A}.Debug|Any CPU.ActiveCfg = Debug|Any CPU
		{74278910-0597-4357-BBC1-84CDFD1A534A}.Debug|Any CPU.Build.0 = Debug|Any CPU
		{74278910-0597-4357-BBC1-84CDFD1A534A}.Release|Any CPU.ActiveCfg = Release|Any CPU
		{74278910-0597-4357-BBC1-84CDFD1A534A}.Release|Any CPU.Build.0 = Release|Any CPU
	EndGlobalSection
	GlobalSection(SolutionProperties) = preSolution
		HideSolutionNode = FALSE
	EndGlobalSection
	GlobalSection(ExtensibilityGlobals) = postSolution
		SolutionGuid = {FDB0D7FC-E356-4B52-99D2-1E5345DBCE47}
	EndGlobalSection
EndGlobal
