
Microsoft Visual Studio Solution File, Format Version 12.00
# Visual Studio Version 16
VisualStudioVersion = 16.0.30413.136
MinimumVisualStudioVersion = 10.0.40219.1
Project("{FAE04EC0-301F-11D3-BF4B-00C04F79EFBC}") = "TwoSum", "TwoSum\TwoSum.csproj", "{A8FA85C9-3B38-43A7-AD8D-8E59A29943A5}"
EndProject
Global
	GlobalSection(SolutionConfigurationPlatforms) = preSolution
		Debug|Any CPU = Debug|Any CPU
		Release|Any CPU = Release|Any CPU
	EndGlobalSection
	GlobalSection(ProjectConfigurationPlatforms) = postSolution
		{A8FA85C9-3B38-43A7-AD8D-8E59A29943A5}.Debug|Any CPU.ActiveCfg = Debug|Any CPU
		{A8FA85C9-3B38-43A7-AD8D-8E59A29943A5}.Debug|Any CPU.Build.0 = Debug|Any CPU
		{A8FA85C9-3B38-43A7-AD8D-8E59A29943A5}.Release|Any CPU.ActiveCfg = Release|Any CPU
		{A8FA85C9-3B38-43A7-AD8D-8E59A29943A5}.Release|Any CPU.Build.0 = Release|Any CPU
	EndGlobalSection
	GlobalSection(SolutionProperties) = preSolution
		HideSolutionNode = FALSE
	EndGlobalSection
	GlobalSection(ExtensibilityGlobals) = postSolution
		SolutionGuid = {11E62E19-2B7C-4025-8484-2BE0E80F79B1}
	EndGlobalSection
EndGlobal
