
Microsoft Visual Studio Solution File, Format Version 12.00
# Visual Studio Version 16
VisualStudioVersion = 16.0.30204.135
MinimumVisualStudioVersion = 10.0.40219.1
Project("{FAE04EC0-301F-11D3-BF4B-00C04F79EFBC}") = "Left-joinLibrary", "Left-joinLibrary\Left-joinLibrary.csproj", "{39652AF8-1796-4765-8192-A5E8AAEB14DC}"
EndProject
Global
	GlobalSection(SolutionConfigurationPlatforms) = preSolution
		Debug|Any CPU = Debug|Any CPU
		Release|Any CPU = Release|Any CPU
	EndGlobalSection
	GlobalSection(ProjectConfigurationPlatforms) = postSolution
		{39652AF8-1796-4765-8192-A5E8AAEB14DC}.Debug|Any CPU.ActiveCfg = Debug|Any CPU
		{39652AF8-1796-4765-8192-A5E8AAEB14DC}.Debug|Any CPU.Build.0 = Debug|Any CPU
		{39652AF8-1796-4765-8192-A5E8AAEB14DC}.Release|Any CPU.ActiveCfg = Release|Any CPU
		{39652AF8-1796-4765-8192-A5E8AAEB14DC}.Release|Any CPU.Build.0 = Release|Any CPU
	EndGlobalSection
	GlobalSection(SolutionProperties) = preSolution
		HideSolutionNode = FALSE
	EndGlobalSection
	GlobalSection(ExtensibilityGlobals) = postSolution
		SolutionGuid = {5D4F17AA-E5B4-4F5B-9B2D-A37B5751AD7F}
	EndGlobalSection
EndGlobal
