
Microsoft Visual Studio Solution File, Format Version 12.00
# Visual Studio Version 16
VisualStudioVersion = 16.0.30204.135
MinimumVisualStudioVersion = 10.0.40219.1
Project("{FAE04EC0-301F-11D3-BF4B-00C04F79EFBC}") = "HashTableImplamentation", "HashTableImplamentation\HashTableImplamentation.csproj", "{C23EED19-BF67-4030-B0CF-CF22E9C41F1C}"
EndProject
Global
	GlobalSection(SolutionConfigurationPlatforms) = preSolution
		Debug|Any CPU = Debug|Any CPU
		Release|Any CPU = Release|Any CPU
	EndGlobalSection
	GlobalSection(ProjectConfigurationPlatforms) = postSolution
		{C23EED19-BF67-4030-B0CF-CF22E9C41F1C}.Debug|Any CPU.ActiveCfg = Debug|Any CPU
		{C23EED19-BF67-4030-B0CF-CF22E9C41F1C}.Debug|Any CPU.Build.0 = Debug|Any CPU
		{C23EED19-BF67-4030-B0CF-CF22E9C41F1C}.Release|Any CPU.ActiveCfg = Release|Any CPU
		{C23EED19-BF67-4030-B0CF-CF22E9C41F1C}.Release|Any CPU.Build.0 = Release|Any CPU
	EndGlobalSection
	GlobalSection(SolutionProperties) = preSolution
		HideSolutionNode = FALSE
	EndGlobalSection
	GlobalSection(ExtensibilityGlobals) = postSolution
		SolutionGuid = {6D00FD33-CB4A-40F0-8B55-C707149B13C9}
	EndGlobalSection
EndGlobal
