
Microsoft Visual Studio Solution File, Format Version 12.00
# Visual Studio Version 16
VisualStudioVersion = 16.0.30204.135
MinimumVisualStudioVersion = 10.0.40219.1
Project("{FAE04EC0-301F-11D3-BF4B-00C04F79EFBC}") = "Trees", "Trees\Trees.csproj", "{5FA13DE4-58E8-443E-99CC-43153753D350}"
EndProject
Project("{FAE04EC0-301F-11D3-BF4B-00C04F79EFBC}") = "UnitTests", "UnitTests\UnitTests.csproj", "{F444D9FB-09BF-4180-B315-241932957D62}"
EndProject
Global
	GlobalSection(SolutionConfigurationPlatforms) = preSolution
		Debug|Any CPU = Debug|Any CPU
		Release|Any CPU = Release|Any CPU
	EndGlobalSection
	GlobalSection(ProjectConfigurationPlatforms) = postSolution
		{5FA13DE4-58E8-443E-99CC-43153753D350}.Debug|Any CPU.ActiveCfg = Debug|Any CPU
		{5FA13DE4-58E8-443E-99CC-43153753D350}.Debug|Any CPU.Build.0 = Debug|Any CPU
		{5FA13DE4-58E8-443E-99CC-43153753D350}.Release|Any CPU.ActiveCfg = Release|Any CPU
		{5FA13DE4-58E8-443E-99CC-43153753D350}.Release|Any CPU.Build.0 = Release|Any CPU
		{F444D9FB-09BF-4180-B315-241932957D62}.Debug|Any CPU.ActiveCfg = Debug|Any CPU
		{F444D9FB-09BF-4180-B315-241932957D62}.Debug|Any CPU.Build.0 = Debug|Any CPU
		{F444D9FB-09BF-4180-B315-241932957D62}.Release|Any CPU.ActiveCfg = Release|Any CPU
		{F444D9FB-09BF-4180-B315-241932957D62}.Release|Any CPU.Build.0 = Release|Any CPU
	EndGlobalSection
	GlobalSection(SolutionProperties) = preSolution
		HideSolutionNode = FALSE
	EndGlobalSection
	GlobalSection(ExtensibilityGlobals) = postSolution
		SolutionGuid = {11762946-7A7F-4D53-B7F1-E336613492B1}
	EndGlobalSection
EndGlobal
