
Microsoft Visual Studio Solution File, Format Version 12.00
# Visual Studio Version 16
VisualStudioVersion = 16.0.30204.135
MinimumVisualStudioVersion = 10.0.40219.1
Project("{FAE04EC0-301F-11D3-BF4B-00C04F79EFBC}") = "BreadthFirstGraph", "BreadthFirstGraph\BreadthFirstGraph.csproj", "{18DA2845-4123-40F3-8B70-385CBC11B826}"
EndProject
Project("{FAE04EC0-301F-11D3-BF4B-00C04F79EFBC}") = "XUnitTestProject1", "XUnitTestProject1\XUnitTestProject1.csproj", "{C591BB7B-1C49-49FB-BE4A-128709C8F7FD}"
EndProject
Global
	GlobalSection(SolutionConfigurationPlatforms) = preSolution
		Debug|Any CPU = Debug|Any CPU
		Release|Any CPU = Release|Any CPU
	EndGlobalSection
	GlobalSection(ProjectConfigurationPlatforms) = postSolution
		{18DA2845-4123-40F3-8B70-385CBC11B826}.Debug|Any CPU.ActiveCfg = Debug|Any CPU
		{18DA2845-4123-40F3-8B70-385CBC11B826}.Debug|Any CPU.Build.0 = Debug|Any CPU
		{18DA2845-4123-40F3-8B70-385CBC11B826}.Release|Any CPU.ActiveCfg = Release|Any CPU
		{18DA2845-4123-40F3-8B70-385CBC11B826}.Release|Any CPU.Build.0 = Release|Any CPU
		{C591BB7B-1C49-49FB-BE4A-128709C8F7FD}.Debug|Any CPU.ActiveCfg = Debug|Any CPU
		{C591BB7B-1C49-49FB-BE4A-128709C8F7FD}.Debug|Any CPU.Build.0 = Debug|Any CPU
		{C591BB7B-1C49-49FB-BE4A-128709C8F7FD}.Release|Any CPU.ActiveCfg = Release|Any CPU
		{C591BB7B-1C49-49FB-BE4A-128709C8F7FD}.Release|Any CPU.Build.0 = Release|Any CPU
	EndGlobalSection
	GlobalSection(SolutionProperties) = preSolution
		HideSolutionNode = FALSE
	EndGlobalSection
	GlobalSection(ExtensibilityGlobals) = postSolution
		SolutionGuid = {2F1058B4-FC33-4C80-8EA2-319796F1BDC4}
	EndGlobalSection
EndGlobal
