
Microsoft Visual Studio Solution File, Format Version 12.00
# Visual Studio Version 16
VisualStudioVersion = 16.0.30204.135
MinimumVisualStudioVersion = 10.0.40219.1
Project("{FAE04EC0-301F-11D3-BF4B-00C04F79EFBC}") = "TreeIntersection", "TreeIntersection\TreeIntersection.csproj", "{EFC301E7-8BA1-421B-94E2-9CD6E2B12BC9}"
EndProject
Project("{FAE04EC0-301F-11D3-BF4B-00C04F79EFBC}") = "XUnitTestProject1", "XUnitTestProject1\XUnitTestProject1.csproj", "{76D6E537-5A57-4452-9A92-9EB2471D37E7}"
EndProject
Global
	GlobalSection(SolutionConfigurationPlatforms) = preSolution
		Debug|Any CPU = Debug|Any CPU
		Release|Any CPU = Release|Any CPU
	EndGlobalSection
	GlobalSection(ProjectConfigurationPlatforms) = postSolution
		{EFC301E7-8BA1-421B-94E2-9CD6E2B12BC9}.Debug|Any CPU.ActiveCfg = Debug|Any CPU
		{EFC301E7-8BA1-421B-94E2-9CD6E2B12BC9}.Debug|Any CPU.Build.0 = Debug|Any CPU
		{EFC301E7-8BA1-421B-94E2-9CD6E2B12BC9}.Release|Any CPU.ActiveCfg = Release|Any CPU
		{EFC301E7-8BA1-421B-94E2-9CD6E2B12BC9}.Release|Any CPU.Build.0 = Release|Any CPU
		{76D6E537-5A57-4452-9A92-9EB2471D37E7}.Debug|Any CPU.ActiveCfg = Debug|Any CPU
		{76D6E537-5A57-4452-9A92-9EB2471D37E7}.Debug|Any CPU.Build.0 = Debug|Any CPU
		{76D6E537-5A57-4452-9A92-9EB2471D37E7}.Release|Any CPU.ActiveCfg = Release|Any CPU
		{76D6E537-5A57-4452-9A92-9EB2471D37E7}.Release|Any CPU.Build.0 = Release|Any CPU
	EndGlobalSection
	GlobalSection(SolutionProperties) = preSolution
		HideSolutionNode = FALSE
	EndGlobalSection
	GlobalSection(ExtensibilityGlobals) = postSolution
		SolutionGuid = {6F54DC0C-5437-43B8-99B0-03EF4B8B565E}
	EndGlobalSection
EndGlobal
